// !$*UTF8*$!
{
	archiveVersion = 1;
	classes = {
	};
	objectVersion = 56;
	objects = {

/* Begin PBXBuildFile section */
		7A302E502A1FF21B005864F4 /* iJamModel.swift in Sources */ = {isa = PBXBuildFile; fileRef = 7A302E4F2A1FF21B005864F4 /* iJamModel.swift */; };
		7A302E5B2A218EBA005864F4 /* iJamAudioManger.swift in Sources */ = {isa = PBXBuildFile; fileRef = 7A302E5A2A218EBA005864F4 /* iJamAudioManger.swift */; };
		7A302E7D2A2D0E62005864F4 /* iJamDataModel.xcdatamodeld in Sources */ = {isa = PBXBuildFile; fileRef = 7A302E7B2A2D0E62005864F4 /* iJamDataModel.xcdatamodeld */; };
		7AA07A262A040F6A00AE87B3 /* iJamGuitarApp.swift in Sources */ = {isa = PBXBuildFile; fileRef = 7AA07A252A040F6A00AE87B3 /* iJamGuitarApp.swift */; };
		7AA07A2A2A040F6B00AE87B3 /* Assets.xcassets in Resources */ = {isa = PBXBuildFile; fileRef = 7AA07A292A040F6B00AE87B3 /* Assets.xcassets */; };
		7AA07A2D2A040F6B00AE87B3 /* Preview Assets.xcassets in Resources */ = {isa = PBXBuildFile; fileRef = 7AA07A2C2A040F6B00AE87B3 /* Preview Assets.xcassets */; };
		7AA07A2F2A040F6B00AE87B3 /* Persistence.swift in Sources */ = {isa = PBXBuildFile; fileRef = 7AA07A2E2A040F6B00AE87B3 /* Persistence.swift */; };
		7AA07A602A0416EC00AE87B3 /* Extensions.swift in Sources */ = {isa = PBXBuildFile; fileRef = 7AA07A5C2A0416EB00AE87B3 /* Extensions.swift */; };
		7AA07A612A0416EC00AE87B3 /* iJamGuitarModelExtension.swift in Sources */ = {isa = PBXBuildFile; fileRef = 7AA07A5D2A0416EB00AE87B3 /* iJamGuitarModelExtension.swift */; };
		7AA07A6E2A04177100AE87B3 /* OpenDTuningChordGroups.plist in Resources */ = {isa = PBXBuildFile; fileRef = 7AA07A662A04177000AE87B3 /* OpenDTuningChordGroups.plist */; };
		7AA07A6F2A04177100AE87B3 /* OpenGTuningChordGroups.plist in Resources */ = {isa = PBXBuildFile; fileRef = 7AA07A672A04177000AE87B3 /* OpenGTuningChordGroups.plist */; };
		7AA07A702A04177100AE87B3 /* OpenG_ChordLibrary.plist in Resources */ = {isa = PBXBuildFile; fileRef = 7AA07A682A04177000AE87B3 /* OpenG_ChordLibrary.plist */; };
		7AA07A712A04177100AE87B3 /* OpenD_ChordLibrary.plist in Resources */ = {isa = PBXBuildFile; fileRef = 7AA07A692A04177000AE87B3 /* OpenD_ChordLibrary.plist */; };
		7AA07A722A04177100AE87B3 /* DropDTuningChordGroups.plist in Resources */ = {isa = PBXBuildFile; fileRef = 7AA07A6A2A04177000AE87B3 /* DropDTuningChordGroups.plist */; };
		7AA07A732A04177100AE87B3 /* StandardTuningChordGroups.plist in Resources */ = {isa = PBXBuildFile; fileRef = 7AA07A6B2A04177100AE87B3 /* StandardTuningChordGroups.plist */; };
		7AA07A742A04177100AE87B3 /* DropD_ChordLibrary.plist in Resources */ = {isa = PBXBuildFile; fileRef = 7AA07A6C2A04177100AE87B3 /* DropD_ChordLibrary.plist */; };
		7AA07A752A04177100AE87B3 /* StandardTuning_ChordLibrary.plist in Resources */ = {isa = PBXBuildFile; fileRef = 7AA07A6D2A04177100AE87B3 /* StandardTuning_ChordLibrary.plist */; };
		7AA07A852A0417E800AE87B3 /* TuningPickerView.swift in Sources */ = {isa = PBXBuildFile; fileRef = 7AA07A772A0417E600AE87B3 /* TuningPickerView.swift */; };
		7AA07A862A0417E800AE87B3 /* BottomView.swift in Sources */ = {isa = PBXBuildFile; fileRef = 7AA07A782A0417E600AE87B3 /* BottomView.swift */; };
		7AA07A872A0417E800AE87B3 /* StringView.swift in Sources */ = {isa = PBXBuildFile; fileRef = 7AA07A792A0417E600AE87B3 /* StringView.swift */; };
		7AA07A882A0417E800AE87B3 /* FretNumbersView.swift in Sources */ = {isa = PBXBuildFile; fileRef = 7AA07A7A2A0417E600AE87B3 /* FretNumbersView.swift */; };
		7AA07A892A0417E800AE87B3 /* VolumeView.swift in Sources */ = {isa = PBXBuildFile; fileRef = 7AA07A7B2A0417E600AE87B3 /* VolumeView.swift */; };
		7AA07A8A2A0417E800AE87B3 /* ChordGroupPickerView.swift in Sources */ = {isa = PBXBuildFile; fileRef = 7AA07A7C2A0417E600AE87B3 /* ChordGroupPickerView.swift */; };
		7AA07A8B2A0417E800AE87B3 /* HeaderView.swift in Sources */ = {isa = PBXBuildFile; fileRef = 7AA07A7D2A0417E700AE87B3 /* HeaderView.swift */; };
		7AA07A8C2A0417E800AE87B3 /* FretBoardView.swift in Sources */ = {isa = PBXBuildFile; fileRef = 7AA07A7E2A0417E700AE87B3 /* FretBoardView.swift */; };
		7AA07A8D2A0417E800AE87B3 /* StringsAndFretsAreaView.swift in Sources */ = {isa = PBXBuildFile; fileRef = 7AA07A7F2A0417E700AE87B3 /* StringsAndFretsAreaView.swift */; };
		7AA07A8E2A0417E800AE87B3 /* ChordButtonsView.swift in Sources */ = {isa = PBXBuildFile; fileRef = 7AA07A802A0417E700AE87B3 /* ChordButtonsView.swift */; };
		7AA07A8F2A0417E800AE87B3 /* StringsView.swift in Sources */ = {isa = PBXBuildFile; fileRef = 7AA07A812A0417E700AE87B3 /* StringsView.swift */; };
		7AA07A902A0417E800AE87B3 /* CapoPositionPickerView.swift in Sources */ = {isa = PBXBuildFile; fileRef = 7AA07A822A0417E800AE87B3 /* CapoPositionPickerView.swift */; };
		7AA07A912A0417E800AE87B3 /* TopView.swift in Sources */ = {isa = PBXBuildFile; fileRef = 7AA07A832A0417E800AE87B3 /* TopView.swift */; };
		7AA07A922A0417E800AE87B3 /* ContentView.swift in Sources */ = {isa = PBXBuildFile; fileRef = 7AA07A842A0417E800AE87B3 /* ContentView.swift */; };
		7AB446D72A0DCDCA005B8F88 /* iJamGuitarUnitTests.swift in Sources */ = {isa = PBXBuildFile; fileRef = 7AB446D62A0DCDCA005B8F88 /* iJamGuitarUnitTests.swift */; };
/* End PBXBuildFile section */

/* Begin PBXContainerItemProxy section */
		7AA07A382A040F6B00AE87B3 /* PBXContainerItemProxy */ = {
			isa = PBXContainerItemProxy;
			containerPortal = 7AA07A1A2A040F6A00AE87B3 /* Project object */;
			proxyType = 1;
			remoteGlobalIDString = 7AA07A212A040F6A00AE87B3;
			remoteInfo = iJamGuitar;
		};
/* End PBXContainerItemProxy section */

/* Begin PBXFileReference section */
		7A302E4F2A1FF21B005864F4 /* iJamModel.swift */ = {isa = PBXFileReference; fileEncoding = 4; lastKnownFileType = sourcecode.swift; name = iJamModel.swift; path = iJamGuitar/iJamModel.swift; sourceTree = SOURCE_ROOT; };
		7A302E5A2A218EBA005864F4 /* iJamAudioManger.swift */ = {isa = PBXFileReference; lastKnownFileType = sourcecode.swift; path = iJamAudioManger.swift; sourceTree = "<group>"; };
		7A302E7C2A2D0E62005864F4 /* Model.xcdatamodel */ = {isa = PBXFileReference; lastKnownFileType = wrapper.xcdatamodel; path = Model.xcdatamodel; sourceTree = "<group>"; };
		7AA07A222A040F6A00AE87B3 /* iJamGuitar.app */ = {isa = PBXFileReference; explicitFileType = wrapper.application; includeInIndex = 0; path = iJamGuitar.app; sourceTree = BUILT_PRODUCTS_DIR; };
		7AA07A252A040F6A00AE87B3 /* iJamGuitarApp.swift */ = {isa = PBXFileReference; lastKnownFileType = sourcecode.swift; path = iJamGuitarApp.swift; sourceTree = "<group>"; };
		7AA07A292A040F6B00AE87B3 /* Assets.xcassets */ = {isa = PBXFileReference; lastKnownFileType = folder.assetcatalog; path = Assets.xcassets; sourceTree = "<group>"; };
		7AA07A2C2A040F6B00AE87B3 /* Preview Assets.xcassets */ = {isa = PBXFileReference; lastKnownFileType = folder.assetcatalog; path = "Preview Assets.xcassets"; sourceTree = "<group>"; };
		7AA07A2E2A040F6B00AE87B3 /* Persistence.swift */ = {isa = PBXFileReference; lastKnownFileType = sourcecode.swift; path = Persistence.swift; sourceTree = "<group>"; };
		7AA07A372A040F6B00AE87B3 /* iJamGuitarTests.xctest */ = {isa = PBXFileReference; explicitFileType = wrapper.cfbundle; includeInIndex = 0; path = iJamGuitarTests.xctest; sourceTree = BUILT_PRODUCTS_DIR; };
		7AA07A5C2A0416EB00AE87B3 /* Extensions.swift */ = {isa = PBXFileReference; fileEncoding = 4; lastKnownFileType = sourcecode.swift; name = Extensions.swift; path = iJamGuitar/Extensions/Extensions.swift; sourceTree = SOURCE_ROOT; };
		7AA07A5D2A0416EB00AE87B3 /* iJamGuitarModelExtension.swift */ = {isa = PBXFileReference; fileEncoding = 4; lastKnownFileType = sourcecode.swift; name = iJamGuitarModelExtension.swift; path = iJamGuitar/Extensions/iJamGuitarModelExtension.swift; sourceTree = SOURCE_ROOT; };
		7AA07A662A04177000AE87B3 /* OpenDTuningChordGroups.plist */ = {isa = PBXFileReference; lastKnownFileType = text.plist; name = OpenDTuningChordGroups.plist; path = iJamGuitar/Plists/OpenDTuningChordGroups.plist; sourceTree = SOURCE_ROOT; };
		7AA07A672A04177000AE87B3 /* OpenGTuningChordGroups.plist */ = {isa = PBXFileReference; lastKnownFileType = text.plist; name = OpenGTuningChordGroups.plist; path = iJamGuitar/Plists/OpenGTuningChordGroups.plist; sourceTree = SOURCE_ROOT; };
		7AA07A682A04177000AE87B3 /* OpenG_ChordLibrary.plist */ = {isa = PBXFileReference; lastKnownFileType = text.plist; name = OpenG_ChordLibrary.plist; path = iJamGuitar/Plists/OpenG_ChordLibrary.plist; sourceTree = SOURCE_ROOT; };
		7AA07A692A04177000AE87B3 /* OpenD_ChordLibrary.plist */ = {isa = PBXFileReference; lastKnownFileType = text.plist; name = OpenD_ChordLibrary.plist; path = iJamGuitar/Plists/OpenD_ChordLibrary.plist; sourceTree = SOURCE_ROOT; };
		7AA07A6A2A04177000AE87B3 /* DropDTuningChordGroups.plist */ = {isa = PBXFileReference; lastKnownFileType = text.plist; name = DropDTuningChordGroups.plist; path = iJamGuitar/Plists/DropDTuningChordGroups.plist; sourceTree = SOURCE_ROOT; };
		7AA07A6B2A04177100AE87B3 /* StandardTuningChordGroups.plist */ = {isa = PBXFileReference; lastKnownFileType = text.plist; name = StandardTuningChordGroups.plist; path = iJamGuitar/Plists/StandardTuningChordGroups.plist; sourceTree = SOURCE_ROOT; };
		7AA07A6C2A04177100AE87B3 /* DropD_ChordLibrary.plist */ = {isa = PBXFileReference; lastKnownFileType = text.plist; name = DropD_ChordLibrary.plist; path = iJamGuitar/Plists/DropD_ChordLibrary.plist; sourceTree = SOURCE_ROOT; };
		7AA07A6D2A04177100AE87B3 /* StandardTuning_ChordLibrary.plist */ = {isa = PBXFileReference; lastKnownFileType = text.plist; name = StandardTuning_ChordLibrary.plist; path = iJamGuitar/Plists/StandardTuning_ChordLibrary.plist; sourceTree = SOURCE_ROOT; };
		7AA07A772A0417E600AE87B3 /* TuningPickerView.swift */ = {isa = PBXFileReference; fileEncoding = 4; lastKnownFileType = sourcecode.swift; name = TuningPickerView.swift; path = iJamGuitar/Views/TuningPickerView.swift; sourceTree = SOURCE_ROOT; };
		7AA07A782A0417E600AE87B3 /* BottomView.swift */ = {isa = PBXFileReference; fileEncoding = 4; lastKnownFileType = sourcecode.swift; name = BottomView.swift; path = iJamGuitar/Views/BottomView.swift; sourceTree = SOURCE_ROOT; };
		7AA07A792A0417E600AE87B3 /* StringView.swift */ = {isa = PBXFileReference; fileEncoding = 4; lastKnownFileType = sourcecode.swift; name = StringView.swift; path = iJamGuitar/Views/StringView.swift; sourceTree = SOURCE_ROOT; };
		7AA07A7A2A0417E600AE87B3 /* FretNumbersView.swift */ = {isa = PBXFileReference; fileEncoding = 4; lastKnownFileType = sourcecode.swift; name = FretNumbersView.swift; path = iJamGuitar/Views/FretNumbersView.swift; sourceTree = SOURCE_ROOT; };
		7AA07A7B2A0417E600AE87B3 /* VolumeView.swift */ = {isa = PBXFileReference; fileEncoding = 4; lastKnownFileType = sourcecode.swift; name = VolumeView.swift; path = iJamGuitar/Views/VolumeView.swift; sourceTree = SOURCE_ROOT; };
		7AA07A7C2A0417E600AE87B3 /* ChordGroupPickerView.swift */ = {isa = PBXFileReference; fileEncoding = 4; lastKnownFileType = sourcecode.swift; name = ChordGroupPickerView.swift; path = iJamGuitar/Views/ChordGroupPickerView.swift; sourceTree = SOURCE_ROOT; };
		7AA07A7D2A0417E700AE87B3 /* HeaderView.swift */ = {isa = PBXFileReference; fileEncoding = 4; lastKnownFileType = sourcecode.swift; name = HeaderView.swift; path = iJamGuitar/Views/HeaderView.swift; sourceTree = SOURCE_ROOT; };
		7AA07A7E2A0417E700AE87B3 /* FretBoardView.swift */ = {isa = PBXFileReference; fileEncoding = 4; lastKnownFileType = sourcecode.swift; name = FretBoardView.swift; path = iJamGuitar/Views/FretBoardView.swift; sourceTree = SOURCE_ROOT; };
		7AA07A7F2A0417E700AE87B3 /* StringsAndFretsAreaView.swift */ = {isa = PBXFileReference; fileEncoding = 4; lastKnownFileType = sourcecode.swift; name = StringsAndFretsAreaView.swift; path = iJamGuitar/Views/StringsAndFretsAreaView.swift; sourceTree = SOURCE_ROOT; };
		7AA07A802A0417E700AE87B3 /* ChordButtonsView.swift */ = {isa = PBXFileReference; fileEncoding = 4; lastKnownFileType = sourcecode.swift; name = ChordButtonsView.swift; path = iJamGuitar/Views/ChordButtonsView.swift; sourceTree = SOURCE_ROOT; };
		7AA07A812A0417E700AE87B3 /* StringsView.swift */ = {isa = PBXFileReference; fileEncoding = 4; lastKnownFileType = sourcecode.swift; name = StringsView.swift; path = iJamGuitar/Views/StringsView.swift; sourceTree = SOURCE_ROOT; };
		7AA07A822A0417E800AE87B3 /* CapoPositionPickerView.swift */ = {isa = PBXFileReference; fileEncoding = 4; lastKnownFileType = sourcecode.swift; name = CapoPositionPickerView.swift; path = iJamGuitar/Views/CapoPositionPickerView.swift; sourceTree = SOURCE_ROOT; };
		7AA07A832A0417E800AE87B3 /* TopView.swift */ = {isa = PBXFileReference; fileEncoding = 4; lastKnownFileType = sourcecode.swift; name = TopView.swift; path = iJamGuitar/Views/TopView.swift; sourceTree = SOURCE_ROOT; };
		7AA07A842A0417E800AE87B3 /* ContentView.swift */ = {isa = PBXFileReference; fileEncoding = 4; lastKnownFileType = sourcecode.swift; name = ContentView.swift; path = iJamGuitar/Views/ContentView.swift; sourceTree = SOURCE_ROOT; };
		7AB446D52A0DCDC9005B8F88 /* iJamGuitarTests-Bridging-Header.h */ = {isa = PBXFileReference; lastKnownFileType = sourcecode.c.h; path = "iJamGuitarTests-Bridging-Header.h"; sourceTree = "<group>"; };
		7AB446D62A0DCDCA005B8F88 /* iJamGuitarUnitTests.swift */ = {isa = PBXFileReference; lastKnownFileType = sourcecode.swift; path = iJamGuitarUnitTests.swift; sourceTree = "<group>"; };
/* End PBXFileReference section */

/* Begin PBXFrameworksBuildPhase section */
		7AA07A1F2A040F6A00AE87B3 /* Frameworks */ = {
			isa = PBXFrameworksBuildPhase;
			buildActionMask = 2147483647;
			files = (
			);
			runOnlyForDeploymentPostprocessing = 0;
		};
		7AA07A342A040F6B00AE87B3 /* Frameworks */ = {
			isa = PBXFrameworksBuildPhase;
			buildActionMask = 2147483647;
			files = (
			);
			runOnlyForDeploymentPostprocessing = 0;
		};
/* End PBXFrameworksBuildPhase section */

/* Begin PBXGroup section */
		7A302E4D2A1FD25B005864F4 /* Extensions */ = {
			isa = PBXGroup;
			children = (
				7AA07A5D2A0416EB00AE87B3 /* iJamGuitarModelExtension.swift */,
				7AA07A5C2A0416EB00AE87B3 /* Extensions.swift */,
			);
			path = Extensions;
			sourceTree = "<group>";
		};
		7AA07A192A040F6A00AE87B3 = {
			isa = PBXGroup;
			children = (
				7AA07A652A04175200AE87B3 /* Property Lists */,
				7AA07A242A040F6A00AE87B3 /* iJamGuitar */,
				7AA07A3A2A040F6B00AE87B3 /* iJamGuitarUnitTests */,
				7AA07A232A040F6A00AE87B3 /* Products */,
			);
			sourceTree = "<group>";
		};
		7AA07A232A040F6A00AE87B3 /* Products */ = {
			isa = PBXGroup;
			children = (
				7AA07A222A040F6A00AE87B3 /* iJamGuitar.app */,
				7AA07A372A040F6B00AE87B3 /* iJamGuitarTests.xctest */,
			);
			name = Products;
			sourceTree = "<group>";
		};
		7AA07A242A040F6A00AE87B3 /* iJamGuitar */ = {
			isa = PBXGroup;
			children = (
				7A302E7B2A2D0E62005864F4 /* iJamDataModel.xcdatamodeld */,
				7AA07A252A040F6A00AE87B3 /* iJamGuitarApp.swift */,
				7AA07A2E2A040F6B00AE87B3 /* Persistence.swift */,
				7A302E5A2A218EBA005864F4 /* iJamAudioManger.swift */,
				7A302E4F2A1FF21B005864F4 /* iJamModel.swift */,
				7A302E4D2A1FD25B005864F4 /* Extensions */,
				7AA07A762A0417C800AE87B3 /* Views */,
				7AA07A292A040F6B00AE87B3 /* Assets.xcassets */,
				7AA07A2B2A040F6B00AE87B3 /* Preview Content */,
			);
			path = iJamGuitar;
			sourceTree = "<group>";
		};
		7AA07A2B2A040F6B00AE87B3 /* Preview Content */ = {
			isa = PBXGroup;
			children = (
				7AA07A2C2A040F6B00AE87B3 /* Preview Assets.xcassets */,
			);
			path = "Preview Content";
			sourceTree = "<group>";
		};
		7AA07A3A2A040F6B00AE87B3 /* iJamGuitarUnitTests */ = {
			isa = PBXGroup;
			children = (
				7AB446D62A0DCDCA005B8F88 /* iJamGuitarUnitTests.swift */,
				7AB446D52A0DCDC9005B8F88 /* iJamGuitarTests-Bridging-Header.h */,
			);
			path = iJamGuitarUnitTests;
			sourceTree = "<group>";
		};
		7AA07A652A04175200AE87B3 /* Property Lists */ = {
			isa = PBXGroup;
			children = (
				7AA07A6C2A04177100AE87B3 /* DropD_ChordLibrary.plist */,
				7AA07A6A2A04177000AE87B3 /* DropDTuningChordGroups.plist */,
				7AA07A692A04177000AE87B3 /* OpenD_ChordLibrary.plist */,
				7AA07A662A04177000AE87B3 /* OpenDTuningChordGroups.plist */,
				7AA07A682A04177000AE87B3 /* OpenG_ChordLibrary.plist */,
				7AA07A672A04177000AE87B3 /* OpenGTuningChordGroups.plist */,
				7AA07A6D2A04177100AE87B3 /* StandardTuning_ChordLibrary.plist */,
				7AA07A6B2A04177100AE87B3 /* StandardTuningChordGroups.plist */,
			);
			path = "Property Lists";
			sourceTree = "<group>";
		};
		7AA07A762A0417C800AE87B3 /* Views */ = {
			isa = PBXGroup;
			children = (
				7AA07A842A0417E800AE87B3 /* ContentView.swift */,
				7AA07A832A0417E800AE87B3 /* TopView.swift */,
				7AA07A802A0417E700AE87B3 /* ChordButtonsView.swift */,
				7AA07A772A0417E600AE87B3 /* TuningPickerView.swift */,
				7AA07A7C2A0417E600AE87B3 /* ChordGroupPickerView.swift */,
				7AA07A822A0417E800AE87B3 /* CapoPositionPickerView.swift */,
				7AA07A7F2A0417E700AE87B3 /* StringsAndFretsAreaView.swift */,
				7AA07A7E2A0417E700AE87B3 /* FretBoardView.swift */,
				7AA07A7A2A0417E600AE87B3 /* FretNumbersView.swift */,
				7AA07A7D2A0417E700AE87B3 /* HeaderView.swift */,
				7AA07A812A0417E700AE87B3 /* StringsView.swift */,
				7AA07A792A0417E600AE87B3 /* StringView.swift */,
				7AA07A782A0417E600AE87B3 /* BottomView.swift */,
				7AA07A7B2A0417E600AE87B3 /* VolumeView.swift */,
			);
			path = Views;
			sourceTree = "<group>";
		};
/* End PBXGroup section */

/* Begin PBXNativeTarget section */
		7AA07A212A040F6A00AE87B3 /* iJamGuitar */ = {
			isa = PBXNativeTarget;
			buildConfigurationList = 7AA07A4B2A040F6B00AE87B3 /* Build configuration list for PBXNativeTarget "iJamGuitar" */;
			buildPhases = (
				7AA07A1E2A040F6A00AE87B3 /* Sources */,
				7AA07A1F2A040F6A00AE87B3 /* Frameworks */,
				7AA07A202A040F6A00AE87B3 /* Resources */,
			);
			buildRules = (
			);
			dependencies = (
			);
			name = iJamGuitar;
			productName = iJamGuitar;
			productReference = 7AA07A222A040F6A00AE87B3 /* iJamGuitar.app */;
			productType = "com.apple.product-type.application";
		};
		7AA07A362A040F6B00AE87B3 /* iJamGuitarTests */ = {
			isa = PBXNativeTarget;
			buildConfigurationList = 7AA07A4E2A040F6B00AE87B3 /* Build configuration list for PBXNativeTarget "iJamGuitarTests" */;
			buildPhases = (
				7AA07A332A040F6B00AE87B3 /* Sources */,
				7AA07A342A040F6B00AE87B3 /* Frameworks */,
				7AA07A352A040F6B00AE87B3 /* Resources */,
			);
			buildRules = (
			);
			dependencies = (
				7AA07A392A040F6B00AE87B3 /* PBXTargetDependency */,
			);
			name = iJamGuitarTests;
			productName = iJamGuitarTests;
			productReference = 7AA07A372A040F6B00AE87B3 /* iJamGuitarTests.xctest */;
			productType = "com.apple.product-type.bundle.unit-test";
		};
/* End PBXNativeTarget section */

/* Begin PBXProject section */
		7AA07A1A2A040F6A00AE87B3 /* Project object */ = {
			isa = PBXProject;
			attributes = {
				BuildIndependentTargetsInParallel = 1;
				LastSwiftUpdateCheck = 1420;
				LastUpgradeCheck = 1420;
				TargetAttributes = {
					7AA07A212A040F6A00AE87B3 = {
						CreatedOnToolsVersion = 14.2;
					};
					7AA07A362A040F6B00AE87B3 = {
						CreatedOnToolsVersion = 14.2;
						LastSwiftMigration = 1420;
						TestTargetID = 7AA07A212A040F6A00AE87B3;
					};
				};
			};
			buildConfigurationList = 7AA07A1D2A040F6A00AE87B3 /* Build configuration list for PBXProject "iJamGuitar" */;
			compatibilityVersion = "Xcode 14.0";
			developmentRegion = en;
			hasScannedForEncodings = 0;
			knownRegions = (
				en,
				Base,
			);
			mainGroup = 7AA07A192A040F6A00AE87B3;
			productRefGroup = 7AA07A232A040F6A00AE87B3 /* Products */;
			projectDirPath = "";
			projectRoot = "";
			targets = (
				7AA07A212A040F6A00AE87B3 /* iJamGuitar */,
				7AA07A362A040F6B00AE87B3 /* iJamGuitarTests */,
			);
		};
/* End PBXProject section */

/* Begin PBXResourcesBuildPhase section */
		7AA07A202A040F6A00AE87B3 /* Resources */ = {
			isa = PBXResourcesBuildPhase;
			buildActionMask = 2147483647;
			files = (
				7AA07A742A04177100AE87B3 /* DropD_ChordLibrary.plist in Resources */,
				7AA07A752A04177100AE87B3 /* StandardTuning_ChordLibrary.plist in Resources */,
				7AA07A712A04177100AE87B3 /* OpenD_ChordLibrary.plist in Resources */,
				7AA07A6F2A04177100AE87B3 /* OpenGTuningChordGroups.plist in Resources */,
				7AA07A702A04177100AE87B3 /* OpenG_ChordLibrary.plist in Resources */,
				7AA07A2D2A040F6B00AE87B3 /* Preview Assets.xcassets in Resources */,
				7AA07A2A2A040F6B00AE87B3 /* Assets.xcassets in Resources */,
				7AA07A6E2A04177100AE87B3 /* OpenDTuningChordGroups.plist in Resources */,
				7AA07A722A04177100AE87B3 /* DropDTuningChordGroups.plist in Resources */,
				7AA07A732A04177100AE87B3 /* StandardTuningChordGroups.plist in Resources */,
			);
			runOnlyForDeploymentPostprocessing = 0;
		};
		7AA07A352A040F6B00AE87B3 /* Resources */ = {
			isa = PBXResourcesBuildPhase;
			buildActionMask = 2147483647;
			files = (
			);
			runOnlyForDeploymentPostprocessing = 0;
		};
/* End PBXResourcesBuildPhase section */

/* Begin PBXSourcesBuildPhase section */
		7AA07A1E2A040F6A00AE87B3 /* Sources */ = {
			isa = PBXSourcesBuildPhase;
			buildActionMask = 2147483647;
			files = (
				7AA07A892A0417E800AE87B3 /* VolumeView.swift in Sources */,
				7AA07A8F2A0417E800AE87B3 /* StringsView.swift in Sources */,
				7AA07A882A0417E800AE87B3 /* FretNumbersView.swift in Sources */,
				7AA07A8E2A0417E800AE87B3 /* ChordButtonsView.swift in Sources */,
				7A302E7D2A2D0E62005864F4 /* iJamDataModel.xcdatamodeld in Sources */,
				7AA07A612A0416EC00AE87B3 /* iJamGuitarModelExtension.swift in Sources */,
				7AA07A862A0417E800AE87B3 /* BottomView.swift in Sources */,
				7AA07A8D2A0417E800AE87B3 /* StringsAndFretsAreaView.swift in Sources */,
				7AA07A872A0417E800AE87B3 /* StringView.swift in Sources */,
				7AA07A8A2A0417E800AE87B3 /* ChordGroupPickerView.swift in Sources */,
				7AA07A852A0417E800AE87B3 /* TuningPickerView.swift in Sources */,
				7AA07A2F2A040F6B00AE87B3 /* Persistence.swift in Sources */,
				7AA07A262A040F6A00AE87B3 /* iJamGuitarApp.swift in Sources */,
				7A302E5B2A218EBA005864F4 /* iJamAudioManger.swift in Sources */,
				7AA07A922A0417E800AE87B3 /* ContentView.swift in Sources */,
				7AA07A902A0417E800AE87B3 /* CapoPositionPickerView.swift in Sources */,
				7AA07A912A0417E800AE87B3 /* TopView.swift in Sources */,
				7AA07A602A0416EC00AE87B3 /* Extensions.swift in Sources */,
				7AA07A8B2A0417E800AE87B3 /* HeaderView.swift in Sources */,
				7A302E502A1FF21B005864F4 /* iJamModel.swift in Sources */,
				7AA07A8C2A0417E800AE87B3 /* FretBoardView.swift in Sources */,
			);
			runOnlyForDeploymentPostprocessing = 0;
		};
		7AA07A332A040F6B00AE87B3 /* Sources */ = {
			isa = PBXSourcesBuildPhase;
			buildActionMask = 2147483647;
			files = (
				7AB446D72A0DCDCA005B8F88 /* iJamGuitarUnitTests.swift in Sources */,
			);
			runOnlyForDeploymentPostprocessing = 0;
		};
/* End PBXSourcesBuildPhase section */

/* Begin PBXTargetDependency section */
		7AA07A392A040F6B00AE87B3 /* PBXTargetDependency */ = {
			isa = PBXTargetDependency;
			target = 7AA07A212A040F6A00AE87B3 /* iJamGuitar */;
			targetProxy = 7AA07A382A040F6B00AE87B3 /* PBXContainerItemProxy */;
		};
/* End PBXTargetDependency section */

/* Begin XCBuildConfiguration section */
		7AA07A492A040F6B00AE87B3 /* Debug */ = {
			isa = XCBuildConfiguration;
			buildSettings = {
				ALWAYS_SEARCH_USER_PATHS = NO;
				CLANG_ANALYZER_NONNULL = YES;
				CLANG_ANALYZER_NUMBER_OBJECT_CONVERSION = YES_AGGRESSIVE;
				CLANG_CXX_LANGUAGE_STANDARD = "gnu++20";
				CLANG_ENABLE_MODULES = YES;
				CLANG_ENABLE_OBJC_ARC = YES;
				CLANG_ENABLE_OBJC_WEAK = YES;
				CLANG_WARN_BLOCK_CAPTURE_AUTORELEASING = YES;
				CLANG_WARN_BOOL_CONVERSION = YES;
				CLANG_WARN_COMMA = YES;
				CLANG_WARN_CONSTANT_CONVERSION = YES;
				CLANG_WARN_DEPRECATED_OBJC_IMPLEMENTATIONS = YES;
				CLANG_WARN_DIRECT_OBJC_ISA_USAGE = YES_ERROR;
				CLANG_WARN_DOCUMENTATION_COMMENTS = YES;
				CLANG_WARN_EMPTY_BODY = YES;
				CLANG_WARN_ENUM_CONVERSION = YES;
				CLANG_WARN_INFINITE_RECURSION = YES;
				CLANG_WARN_INT_CONVERSION = YES;
				CLANG_WARN_NON_LITERAL_NULL_CONVERSION = YES;
				CLANG_WARN_OBJC_IMPLICIT_RETAIN_SELF = YES;
				CLANG_WARN_OBJC_LITERAL_CONVERSION = YES;
				CLANG_WARN_OBJC_ROOT_CLASS = YES_ERROR;
				CLANG_WARN_QUOTED_INCLUDE_IN_FRAMEWORK_HEADER = YES;
				CLANG_WARN_RANGE_LOOP_ANALYSIS = YES;
				CLANG_WARN_STRICT_PROTOTYPES = YES;
				CLANG_WARN_SUSPICIOUS_MOVE = YES;
				CLANG_WARN_UNGUARDED_AVAILABILITY = YES_AGGRESSIVE;
				CLANG_WARN_UNREACHABLE_CODE = YES;
				CLANG_WARN__DUPLICATE_METHOD_MATCH = YES;
				COPY_PHASE_STRIP = NO;
				DEBUG_INFORMATION_FORMAT = dwarf;
				ENABLE_STRICT_OBJC_MSGSEND = YES;
				ENABLE_TESTABILITY = YES;
				GCC_C_LANGUAGE_STANDARD = gnu11;
				GCC_DYNAMIC_NO_PIC = NO;
				GCC_NO_COMMON_BLOCKS = YES;
				GCC_OPTIMIZATION_LEVEL = 0;
				GCC_PREPROCESSOR_DEFINITIONS = (
					"DEBUG=1",
					"$(inherited)",
				);
				GCC_WARN_64_TO_32_BIT_CONVERSION = YES;
				GCC_WARN_ABOUT_RETURN_TYPE = YES_ERROR;
				GCC_WARN_UNDECLARED_SELECTOR = YES;
				GCC_WARN_UNINITIALIZED_AUTOS = YES_AGGRESSIVE;
				GCC_WARN_UNUSED_FUNCTION = YES;
				GCC_WARN_UNUSED_VARIABLE = YES;
				IPHONEOS_DEPLOYMENT_TARGET = 14.0;
				MTL_ENABLE_DEBUG_INFO = INCLUDE_SOURCE;
				MTL_FAST_MATH = YES;
				ONLY_ACTIVE_ARCH = YES;
				SDKROOT = iphoneos;
				SWIFT_ACTIVE_COMPILATION_CONDITIONS = DEBUG;
				SWIFT_OPTIMIZATION_LEVEL = "-Onone";
			};
			name = Debug;
		};
		7AA07A4A2A040F6B00AE87B3 /* Release */ = {
			isa = XCBuildConfiguration;
			buildSettings = {
				ALWAYS_SEARCH_USER_PATHS = NO;
				CLANG_ANALYZER_NONNULL = YES;
				CLANG_ANALYZER_NUMBER_OBJECT_CONVERSION = YES_AGGRESSIVE;
				CLANG_CXX_LANGUAGE_STANDARD = "gnu++20";
				CLANG_ENABLE_MODULES = YES;
				CLANG_ENABLE_OBJC_ARC = YES;
				CLANG_ENABLE_OBJC_WEAK = YES;
				CLANG_WARN_BLOCK_CAPTURE_AUTORELEASING = YES;
				CLANG_WARN_BOOL_CONVERSION = YES;
				CLANG_WARN_COMMA = YES;
				CLANG_WARN_CONSTANT_CONVERSION = YES;
				CLANG_WARN_DEPRECATED_OBJC_IMPLEMENTATIONS = YES;
				CLANG_WARN_DIRECT_OBJC_ISA_USAGE = YES_ERROR;
				CLANG_WARN_DOCUMENTATION_COMMENTS = YES;
				CLANG_WARN_EMPTY_BODY = YES;
				CLANG_WARN_ENUM_CONVERSION = YES;
				CLANG_WARN_INFINITE_RECURSION = YES;
				CLANG_WARN_INT_CONVERSION = YES;
				CLANG_WARN_NON_LITERAL_NULL_CONVERSION = YES;
				CLANG_WARN_OBJC_IMPLICIT_RETAIN_SELF = YES;
				CLANG_WARN_OBJC_LITERAL_CONVERSION = YES;
				CLANG_WARN_OBJC_ROOT_CLASS = YES_ERROR;
				CLANG_WARN_QUOTED_INCLUDE_IN_FRAMEWORK_HEADER = YES;
				CLANG_WARN_RANGE_LOOP_ANALYSIS = YES;
				CLANG_WARN_STRICT_PROTOTYPES = YES;
				CLANG_WARN_SUSPICIOUS_MOVE = YES;
				CLANG_WARN_UNGUARDED_AVAILABILITY = YES_AGGRESSIVE;
				CLANG_WARN_UNREACHABLE_CODE = YES;
				CLANG_WARN__DUPLICATE_METHOD_MATCH = YES;
				COPY_PHASE_STRIP = NO;
				DEBUG_INFORMATION_FORMAT = "dwarf-with-dsym";
				ENABLE_NS_ASSERTIONS = NO;
				ENABLE_STRICT_OBJC_MSGSEND = YES;
				GCC_C_LANGUAGE_STANDARD = gnu11;
				GCC_NO_COMMON_BLOCKS = YES;
				GCC_WARN_64_TO_32_BIT_CONVERSION = YES;
				GCC_WARN_ABOUT_RETURN_TYPE = YES_ERROR;
				GCC_WARN_UNDECLARED_SELECTOR = YES;
				GCC_WARN_UNINITIALIZED_AUTOS = YES_AGGRESSIVE;
				GCC_WARN_UNUSED_FUNCTION = YES;
				GCC_WARN_UNUSED_VARIABLE = YES;
				IPHONEOS_DEPLOYMENT_TARGET = 14.0;
				MTL_ENABLE_DEBUG_INFO = NO;
				MTL_FAST_MATH = YES;
				SDKROOT = iphoneos;
				SWIFT_COMPILATION_MODE = wholemodule;
				SWIFT_OPTIMIZATION_LEVEL = "-O";
				VALIDATE_PRODUCT = YES;
			};
			name = Release;
		};
		7AA07A4C2A040F6B00AE87B3 /* Debug */ = {
			isa = XCBuildConfiguration;
			buildSettings = {
				ASSETCATALOG_COMPILER_APPICON_NAME = AppIcon;
				ASSETCATALOG_COMPILER_GLOBAL_ACCENT_COLOR_NAME = AccentColor;
				CODE_SIGN_STYLE = Automatic;
				CURRENT_PROJECT_VERSION = 1;
				DEVELOPMENT_ASSET_PATHS = "\"iJamGuitar/Preview Content\"";
				DEVELOPMENT_TEAM = J5T6Z5N38H;
				ENABLE_PREVIEWS = YES;
				GENERATE_INFOPLIST_FILE = YES;
				INFOPLIST_FILE = iJamGuitar/Info.plist;
				INFOPLIST_KEY_CFBundleDisplayName = iJamGuitar;
				INFOPLIST_KEY_LSApplicationCategoryType = "public.app-category.entertainment";
				INFOPLIST_KEY_UIApplicationSceneManifest_Generation = YES;
				INFOPLIST_KEY_UIApplicationSupportsIndirectInputEvents = YES;
				INFOPLIST_KEY_UIRequiresFullScreen = YES;
				INFOPLIST_KEY_UISupportedInterfaceOrientations = UIInterfaceOrientationPortrait;
				IPHONEOS_DEPLOYMENT_TARGET = 16.0;
				LD_RUNPATH_SEARCH_PATHS = (
					"$(inherited)",
					"@executable_path/Frameworks",
				);
				MARKETING_VERSION = 2.2;
				PRODUCT_BUNDLE_IDENTIFIER = com.PixleyConsulting.iJamGuitar;
				PRODUCT_NAME = "$(TARGET_NAME)";
				SWIFT_EMIT_LOC_STRINGS = YES;
				SWIFT_VERSION = 5.0;
				TARGETED_DEVICE_FAMILY = "1,2";
			};
			name = Debug;
		};
		7AA07A4D2A040F6B00AE87B3 /* Release */ = {
			isa = XCBuildConfiguration;
			buildSettings = {
				ASSETCATALOG_COMPILER_APPICON_NAME = AppIcon;
				ASSETCATALOG_COMPILER_GLOBAL_ACCENT_COLOR_NAME = AccentColor;
				CODE_SIGN_STYLE = Automatic;
				CURRENT_PROJECT_VERSION = 1;
				DEVELOPMENT_ASSET_PATHS = "\"iJamGuitar/Preview Content\"";
				DEVELOPMENT_TEAM = J5T6Z5N38H;
				ENABLE_PREVIEWS = YES;
				GENERATE_INFOPLIST_FILE = YES;
				INFOPLIST_FILE = iJamGuitar/Info.plist;
				INFOPLIST_KEY_CFBundleDisplayName = iJamGuitar;
				INFOPLIST_KEY_LSApplicationCategoryType = "public.app-category.entertainment";
				INFOPLIST_KEY_UIApplicationSceneManifest_Generation = YES;
				INFOPLIST_KEY_UIApplicationSupportsIndirectInputEvents = YES;
				INFOPLIST_KEY_UIRequiresFullScreen = YES;
				INFOPLIST_KEY_UISupportedInterfaceOrientations = UIInterfaceOrientationPortrait;
				IPHONEOS_DEPLOYMENT_TARGET = 16.0;
				LD_RUNPATH_SEARCH_PATHS = (
					"$(inherited)",
					"@executable_path/Frameworks",
				);
				MARKETING_VERSION = 2.2;
				PRODUCT_BUNDLE_IDENTIFIER = com.PixleyConsulting.iJamGuitar;
				PRODUCT_NAME = "$(TARGET_NAME)";
				SWIFT_EMIT_LOC_STRINGS = YES;
				SWIFT_VERSION = 5.0;
				TARGETED_DEVICE_FAMILY = "1,2";
			};
			name = Release;
		};
		7AA07A4F2A040F6B00AE87B3 /* Debug */ = {
			isa = XCBuildConfiguration;
			buildSettings = {
				ALWAYS_EMBED_SWIFT_STANDARD_LIBRARIES = YES;
				BUNDLE_LOADER = "$(TEST_HOST)";
				CLANG_ENABLE_MODULES = YES;
				CODE_SIGN_STYLE = Automatic;
				CURRENT_PROJECT_VERSION = 1;
				DEVELOPMENT_TEAM = J5T6Z5N38H;
				GENERATE_INFOPLIST_FILE = YES;
				IPHONEOS_DEPLOYMENT_TARGET = 16.2;
				LD_RUNPATH_SEARCH_PATHS = (
					"$(inherited)",
					"@executable_path/Frameworks",
					"@loader_path/Frameworks",
				);
				MARKETING_VERSION = 1.0;
				PRODUCT_BUNDLE_IDENTIFIER = com.PixleyConsulting.iJamGuitarTests;
				PRODUCT_NAME = "$(TARGET_NAME)";
				SWIFT_EMIT_LOC_STRINGS = NO;
				SWIFT_OBJC_BRIDGING_HEADER = "iJamGuitarTests/iJamGuitarTests-Bridging-Header.h";
				SWIFT_OPTIMIZATION_LEVEL = "-Onone";
				SWIFT_VERSION = 5.0;
				TARGETED_DEVICE_FAMILY = "1,2";
				TEST_HOST = "$(BUILT_PRODUCTS_DIR)/iJamGuitar.app/$(BUNDLE_EXECUTABLE_FOLDER_PATH)/iJamGuitar";
			};
			name = Debug;
		};
		7AA07A502A040F6B00AE87B3 /* Release */ = {
			isa = XCBuildConfiguration;
			buildSettings = {
				ALWAYS_EMBED_SWIFT_STANDARD_LIBRARIES = YES;
				BUNDLE_LOADER = "$(TEST_HOST)";
				CLANG_ENABLE_MODULES = YES;
				CODE_SIGN_STYLE = Automatic;
				CURRENT_PROJECT_VERSION = 1;
				DEVELOPMENT_TEAM = J5T6Z5N38H;
				GENERATE_INFOPLIST_FILE = YES;
				IPHONEOS_DEPLOYMENT_TARGET = 16.2;
				LD_RUNPATH_SEARCH_PATHS = (
					"$(inherited)",
					"@executable_path/Frameworks",
					"@loader_path/Frameworks",
				);
				MARKETING_VERSION = 1.0;
				PRODUCT_BUNDLE_IDENTIFIER = com.PixleyConsulting.iJamGuitarTests;
				PRODUCT_NAME = "$(TARGET_NAME)";
				SWIFT_EMIT_LOC_STRINGS = NO;
				SWIFT_OBJC_BRIDGING_HEADER = "iJamGuitarTests/iJamGuitarTests-Bridging-Header.h";
				SWIFT_VERSION = 5.0;
				TARGETED_DEVICE_FAMILY = "1,2";
				TEST_HOST = "$(BUILT_PRODUCTS_DIR)/iJamGuitar.app/$(BUNDLE_EXECUTABLE_FOLDER_PATH)/iJamGuitar";
			};
			name = Release;
		};
/* End XCBuildConfiguration section */

/* Begin XCConfigurationList section */
		7AA07A1D2A040F6A00AE87B3 /* Build configuration list for PBXProject "iJamGuitar" */ = {
			isa = XCConfigurationList;
			buildConfigurations = (
				7AA07A492A040F6B00AE87B3 /* Debug */,
				7AA07A4A2A040F6B00AE87B3 /* Release */,
			);
			defaultConfigurationIsVisible = 0;
			defaultConfigurationName = Debug;
		};
		7AA07A4B2A040F6B00AE87B3 /* Build configuration list for PBXNativeTarget "iJamGuitar" */ = {
			isa = XCConfigurationList;
			buildConfigurations = (
				7AA07A4C2A040F6B00AE87B3 /* Debug */,
				7AA07A4D2A040F6B00AE87B3 /* Release */,
			);
			defaultConfigurationIsVisible = 0;
			defaultConfigurationName = Debug;
		};
		7AA07A4E2A040F6B00AE87B3 /* Build configuration list for PBXNativeTarget "iJamGuitarTests" */ = {
			isa = XCConfigurationList;
			buildConfigurations = (
				7AA07A4F2A040F6B00AE87B3 /* Debug */,
				7AA07A502A040F6B00AE87B3 /* Release */,
			);
			defaultConfigurationIsVisible = 0;
			defaultConfigurationName = Debug;
		};
/* End XCConfigurationList section */

/* Begin XCVersionGroup section */
		7A302E7B2A2D0E62005864F4 /* iJamDataModel.xcdatamodeld */ = {
			isa = XCVersionGroup;
			children = (
				7A302E7C2A2D0E62005864F4 /* Model.xcdatamodel */,
			);
			currentVersion = 7A302E7C2A2D0E62005864F4 /* Model.xcdatamodel */;
			name = iJamDataModel.xcdatamodeld;
			path = Model/iJamDataModel.xcdatamodeld;
			sourceTree = "<group>";
			versionGroupType = wrapper.xcdatamodel;
		};
/* End XCVersionGroup section */
	};
	rootObject = 7AA07A1A2A040F6A00AE87B3 /* Project object */;
}
